<?xml version="1.0" encoding="UTF-8" standalone="yes" ?>
<CodeBlocks_project_file>
	<FileVersion major="1" minor="6" />
	<Project>
		<Option title="AD" />
		<Option pch_mode="2" />
		<Option compiler="gcc" />
		<Build>
			<Target title="Debug">
				<Option output="bin/Debug/AD" prefix_auto="1" extension_auto="1" />
				<Option object_output="obj/Debug/" />
				<Option type="1" />
				<Option compiler="gcc" />
				<Compiler>
					<Add option="-std=c++11" />
					<Add option="-g" />
					<Add directory="include" />
					<Add directory="src" />
				</Compiler>
			</Target>
			<Target title="Release">
				<Option output="bin/Release/AD" prefix_auto="1" extension_auto="1" />
				<Option object_output="obj/Release/" />
				<Option type="1" />
				<Option compiler="gcc" />
				<Compiler>
					<Add option="-O2" />
					<Add directory="include" />
					<Add directory="src" />
				</Compiler>
				<Linker>
					<Add option="-s" />
				</Linker>
			</Target>
		</Build>
		<Compiler>
			<Add option="-Wall" />
			<Add option="-std=c++11" />
			<Add option="-fexceptions" />
		</Compiler>
		<Unit filename="src/Constraints.cpp" />
		<Unit filename="src/Constraints.h" />
		<Unit filename="src/Domain.cpp" />
		<Unit filename="src/Domain.h" />
		<Unit filename="src/Engine.cpp" />
		<Unit filename="src/Engine.h" />
		<Unit filename="src/Indexer.cpp" />
		<Unit filename="src/Indexer.h" />
		<Unit filename="src/Node.cpp" />
		<Unit filename="src/Node.h" />
		<Unit filename="src/Utils.cpp" />
		<Unit filename="src/Utils.h" />
		<Unit filename="src/Variable.cpp" />
		<Unit filename="src/Variable.h" />
		<Unit filename="src/XMLParser.cpp" />
		<Unit filename="src/XMLParser.h" />
		<Unit filename="src/XMLUtil.cpp" />
		<Unit filename="src/XMLUtil.h" />
		<Unit filename="src/main.cpp" />
		<Unit filename="src/xml/tinystr.cpp" />
		<Unit filename="src/xml/tinystr.h" />
		<Unit filename="src/xml/tinyxml.cpp" />
		<Unit filename="src/xml/tinyxml.h" />
		<Unit filename="src/xml/tinyxmlerror.cpp" />
		<Unit filename="src/xml/tinyxmlparser.cpp" />
		<Extensions>
			<code_completion />
			<envvars />
			<debugger />
		</Extensions>
	</Project>
</CodeBlocks_project_file>
